
Microsoft Visual Studio Solution File, Format Version 12.00
# Visual Studio 15
VisualStudioVersion = 15.0.28307.757
MinimumVisualStudioVersion = 10.0.40219.1
Project("{FAE04EC0-301F-11D3-BF4B-00C04F79EFBC}") = "ClassOfTeachersProgram", "ClassOfTeachersProgram\ClassOfTeachersProgram.csproj", "{09C710AC-5BD1-4346-8146-7B08E2A84CB4}"
EndProject
Global
	GlobalSection(SolutionConfigurationPlatforms) = preSolution
		Debug|Any CPU = Debug|Any CPU
		Release|Any CPU = Release|Any CPU
	EndGlobalSection
	GlobalSection(ProjectConfigurationPlatforms) = postSolution
		{09C710AC-5BD1-4346-8146-7B08E2A84CB4}.Debug|Any CPU.ActiveCfg = Debug|Any CPU
		{09C710AC-5BD1-4346-8146-7B08E2A84CB4}.Debug|Any CPU.Build.0 = Debug|Any CPU
		{09C710AC-5BD1-4346-8146-7B08E2A84CB4}.Release|Any CPU.ActiveCfg = Release|Any CPU
		{09C710AC-5BD1-4346-8146-7B08E2A84CB4}.Release|Any CPU.Build.0 = Release|Any CPU
	EndGlobalSection
	GlobalSection(SolutionProperties) = preSolution
		HideSolutionNode = FALSE
	EndGlobalSection
	GlobalSection(ExtensibilityGlobals) = postSolution
		SolutionGuid = {7DDB48DC-A5A5-4DB0-AD69-784495C66D31}
	EndGlobalSection
EndGlobal
