
Microsoft Visual Studio Solution File, Format Version 12.00
# Visual Studio Version 16
VisualStudioVersion = 16.0.29123.88
MinimumVisualStudioVersion = 10.0.40219.1
Project("{FAE04EC0-301F-11D3-BF4B-00C04F79EFBC}") = "ClassOfTeachersProgram", "ClassOfTeachersProgram\ClassOfTeachersProgram.csproj", "{09C710AC-5BD1-4346-8146-7B08E2A84CB4}"
	ProjectSection(ProjectDependencies) = postProject
		{0EC003A0-D66B-4911-AFAB-B65C0441B46F} = {0EC003A0-D66B-4911-AFAB-B65C0441B46F}
		{3B487EEF-A2ED-41E8-A438-2E9BCAE6B5C4} = {3B487EEF-A2ED-41E8-A438-2E9BCAE6B5C4}
	EndProjectSection
EndProject
Project("{FAE04EC0-301F-11D3-BF4B-00C04F79EFBC}") = "ClassOfTeachers.DataAccessLayer", "ClassOfTeachers.DataAccessLayer\ClassOfTeachers.DataAccessLayer.csproj", "{0EC003A0-D66B-4911-AFAB-B65C0441B46F}"
EndProject
Project("{FAE04EC0-301F-11D3-BF4B-00C04F79EFBC}") = "ClassOfTeachers.Entities", "ClassOfTeachers.Entities\ClassOfTeachers.Entities.csproj", "{3B487EEF-A2ED-41E8-A438-2E9BCAE6B5C4}"
EndProject
Project("{FAE04EC0-301F-11D3-BF4B-00C04F79EFBC}") = "ClassOfTeachers.Services", "ClassOfTeachers.Services\ClassOfTeachers.Services.csproj", "{CBEE4657-6CFF-4467-9701-3F44AF5B4CF5}"
EndProject
Global
	GlobalSection(SolutionConfigurationPlatforms) = preSolution
		Debug|Any CPU = Debug|Any CPU
		Release|Any CPU = Release|Any CPU
	EndGlobalSection
	GlobalSection(ProjectConfigurationPlatforms) = postSolution
		{09C710AC-5BD1-4346-8146-7B08E2A84CB4}.Debug|Any CPU.ActiveCfg = Debug|Any CPU
		{09C710AC-5BD1-4346-8146-7B08E2A84CB4}.Debug|Any CPU.Build.0 = Debug|Any CPU
		{09C710AC-5BD1-4346-8146-7B08E2A84CB4}.Release|Any CPU.ActiveCfg = Release|Any CPU
		{09C710AC-5BD1-4346-8146-7B08E2A84CB4}.Release|Any CPU.Build.0 = Release|Any CPU
		{0EC003A0-D66B-4911-AFAB-B65C0441B46F}.Debug|Any CPU.ActiveCfg = Debug|Any CPU
		{0EC003A0-D66B-4911-AFAB-B65C0441B46F}.Debug|Any CPU.Build.0 = Debug|Any CPU
		{0EC003A0-D66B-4911-AFAB-B65C0441B46F}.Release|Any CPU.ActiveCfg = Release|Any CPU
		{0EC003A0-D66B-4911-AFAB-B65C0441B46F}.Release|Any CPU.Build.0 = Release|Any CPU
		{3B487EEF-A2ED-41E8-A438-2E9BCAE6B5C4}.Debug|Any CPU.ActiveCfg = Debug|Any CPU
		{3B487EEF-A2ED-41E8-A438-2E9BCAE6B5C4}.Debug|Any CPU.Build.0 = Debug|Any CPU
		{3B487EEF-A2ED-41E8-A438-2E9BCAE6B5C4}.Release|Any CPU.ActiveCfg = Release|Any CPU
		{3B487EEF-A2ED-41E8-A438-2E9BCAE6B5C4}.Release|Any CPU.Build.0 = Release|Any CPU
		{CBEE4657-6CFF-4467-9701-3F44AF5B4CF5}.Debug|Any CPU.ActiveCfg = Debug|Any CPU
		{CBEE4657-6CFF-4467-9701-3F44AF5B4CF5}.Debug|Any CPU.Build.0 = Debug|Any CPU
		{CBEE4657-6CFF-4467-9701-3F44AF5B4CF5}.Release|Any CPU.ActiveCfg = Release|Any CPU
		{CBEE4657-6CFF-4467-9701-3F44AF5B4CF5}.Release|Any CPU.Build.0 = Release|Any CPU
	EndGlobalSection
	GlobalSection(SolutionProperties) = preSolution
		HideSolutionNode = FALSE
	EndGlobalSection
	GlobalSection(ExtensibilityGlobals) = postSolution
		SolutionGuid = {7DDB48DC-A5A5-4DB0-AD69-784495C66D31}
	EndGlobalSection
EndGlobal
